// !$*UTF8*$!
{
	archiveVersion = 1;
	classes = {
	};
	objectVersion = 46;
	objects = {

/* Begin PBXBuildFile section */
		D0442A9C1B17AAC70028ADA7 /* AppDelegate.swift in Sources */ = {isa = PBXBuildFile; fileRef = D0442A9B1B17AAC70028ADA7 /* AppDelegate.swift */; };
		D0442A9F1B17AAC80028ADA7 /* Quotes.xcdatamodeld in Sources */ = {isa = PBXBuildFile; fileRef = D0442A9D1B17AAC80028ADA7 /* Quotes.xcdatamodeld */; };
		D0442AA11B17AAC80028ADA7 /* ViewController.swift in Sources */ = {isa = PBXBuildFile; fileRef = D0442AA01B17AAC80028ADA7 /* ViewController.swift */; };
		D0442AA41B17AAC80028ADA7 /* Main.storyboard in Resources */ = {isa = PBXBuildFile; fileRef = D0442AA21B17AAC80028ADA7 /* Main.storyboard */; };
		D0442AA61B17AAC80028ADA7 /* Images.xcassets in Resources */ = {isa = PBXBuildFile; fileRef = D0442AA51B17AAC80028ADA7 /* Images.xcassets */; };
		D0442AA91B17AAC80028ADA7 /* LaunchScreen.xib in Resources */ = {isa = PBXBuildFile; fileRef = D0442AA71B17AAC80028ADA7 /* LaunchScreen.xib */; };
		D0442AB51B17AAC80028ADA7 /* QuotesTests.swift in Sources */ = {isa = PBXBuildFile; fileRef = D0442AB41B17AAC80028ADA7 /* QuotesTests.swift */; };
		D0442AC71B17AAFD0028ADA7 /* InterfaceController.swift in Sources */ = {isa = PBXBuildFile; fileRef = D0442AC61B17AAFD0028ADA7 /* InterfaceController.swift */; };
		D0442AC91B17AAFD0028ADA7 /* Images.xcassets in Resources */ = {isa = PBXBuildFile; fileRef = D0442AC81B17AAFD0028ADA7 /* Images.xcassets */; };
		D0442ACD1B17AAFD0028ADA7 /* Quotes WatchKit App.app in Resources */ = {isa = PBXBuildFile; fileRef = D0442ACC1B17AAFD0028ADA7 /* Quotes WatchKit App.app */; };
		D0442AD51B17AAFD0028ADA7 /* Interface.storyboard in Resources */ = {isa = PBXBuildFile; fileRef = D0442AD31B17AAFD0028ADA7 /* Interface.storyboard */; };
		D0442AD71B17AAFD0028ADA7 /* Images.xcassets in Resources */ = {isa = PBXBuildFile; fileRef = D0442AD61B17AAFD0028ADA7 /* Images.xcassets */; };
		D0442ADA1B17AAFD0028ADA7 /* Quotes WatchKit Extension.appex in Embed App Extensions */ = {isa = PBXBuildFile; fileRef = D0442AC21B17AAFD0028ADA7 /* Quotes WatchKit Extension.appex */; settings = {ATTRIBUTES = (RemoveHeadersOnCopy, ); }; };
		D0442AE31B17ACFC0028ADA7 /* QuoteRow.swift in Sources */ = {isa = PBXBuildFile; fileRef = D0442AE21B17ACFC0028ADA7 /* QuoteRow.swift */; };
/* End PBXBuildFile section */

/* Begin PBXContainerItemProxy section */
		D0442AAF1B17AAC80028ADA7 /* PBXContainerItemProxy */ = {
			isa = PBXContainerItemProxy;
			containerPortal = D0442A8E1B17AAC70028ADA7 /* Project object */;
			proxyType = 1;
			remoteGlobalIDString = D0442A951B17AAC70028ADA7;
			remoteInfo = Quotes;
		};
		D0442ACE1B17AAFD0028ADA7 /* PBXContainerItemProxy */ = {
			isa = PBXContainerItemProxy;
			containerPortal = D0442A8E1B17AAC70028ADA7 /* Project object */;
			proxyType = 1;
			remoteGlobalIDString = D0442ACB1B17AAFD0028ADA7;
			remoteInfo = "Quotes WatchKit App";
		};
		D0442AD81B17AAFD0028ADA7 /* PBXContainerItemProxy */ = {
			isa = PBXContainerItemProxy;
			containerPortal = D0442A8E1B17AAC70028ADA7 /* Project object */;
			proxyType = 1;
			remoteGlobalIDString = D0442AC11B17AAFD0028ADA7;
			remoteInfo = "Quotes WatchKit Extension";
		};
/* End PBXContainerItemProxy section */

/* Begin PBXCopyFilesBuildPhase section */
		D0442AE11B17AAFD0028ADA7 /* Embed App Extensions */ = {
			isa = PBXCopyFilesBuildPhase;
			buildActionMask = 2147483647;
			dstPath = "";
			dstSubfolderSpec = 13;
			files = (
				D0442ADA1B17AAFD0028ADA7 /* Quotes WatchKit Extension.appex in Embed App Extensions */,
			);
			name = "Embed App Extensions";
			runOnlyForDeploymentPostprocessing = 0;
		};
/* End PBXCopyFilesBuildPhase section */

/* Begin PBXFileReference section */
		D0442A961B17AAC70028ADA7 /* Quotes.app */ = {isa = PBXFileReference; explicitFileType = wrapper.application; includeInIndex = 0; path = Quotes.app; sourceTree = BUILT_PRODUCTS_DIR; };
		D0442A9A1B17AAC70028ADA7 /* Info.plist */ = {isa = PBXFileReference; lastKnownFileType = text.plist.xml; path = Info.plist; sourceTree = "<group>"; };
		D0442A9B1B17AAC70028ADA7 /* AppDelegate.swift */ = {isa = PBXFileReference; lastKnownFileType = sourcecode.swift; path = AppDelegate.swift; sourceTree = "<group>"; };
		D0442A9E1B17AAC80028ADA7 /* Quotes.xcdatamodel */ = {isa = PBXFileReference; lastKnownFileType = wrapper.xcdatamodel; path = Quotes.xcdatamodel; sourceTree = "<group>"; };
		D0442AA01B17AAC80028ADA7 /* ViewController.swift */ = {isa = PBXFileReference; lastKnownFileType = sourcecode.swift; path = ViewController.swift; sourceTree = "<group>"; };
		D0442AA31B17AAC80028ADA7 /* Base */ = {isa = PBXFileReference; lastKnownFileType = file.storyboard; name = Base; path = Base.lproj/Main.storyboard; sourceTree = "<group>"; };
		D0442AA51B17AAC80028ADA7 /* Images.xcassets */ = {isa = PBXFileReference; lastKnownFileType = folder.assetcatalog; path = Images.xcassets; sourceTree = "<group>"; };
		D0442AA81B17AAC80028ADA7 /* Base */ = {isa = PBXFileReference; lastKnownFileType = file.xib; name = Base; path = Base.lproj/LaunchScreen.xib; sourceTree = "<group>"; };
		D0442AAE1B17AAC80028ADA7 /* QuotesTests.xctest */ = {isa = PBXFileReference; explicitFileType = wrapper.cfbundle; includeInIndex = 0; path = QuotesTests.xctest; sourceTree = BUILT_PRODUCTS_DIR; };
		D0442AB31B17AAC80028ADA7 /* Info.plist */ = {isa = PBXFileReference; lastKnownFileType = text.plist.xml; path = Info.plist; sourceTree = "<group>"; };
		D0442AB41B17AAC80028ADA7 /* QuotesTests.swift */ = {isa = PBXFileReference; lastKnownFileType = sourcecode.swift; path = QuotesTests.swift; sourceTree = "<group>"; };
		D0442AC21B17AAFD0028ADA7 /* Quotes WatchKit Extension.appex */ = {isa = PBXFileReference; explicitFileType = "wrapper.app-extension"; includeInIndex = 0; path = "Quotes WatchKit Extension.appex"; sourceTree = BUILT_PRODUCTS_DIR; };
		D0442AC51B17AAFD0028ADA7 /* Info.plist */ = {isa = PBXFileReference; lastKnownFileType = text.plist.xml; path = Info.plist; sourceTree = "<group>"; };
		D0442AC61B17AAFD0028ADA7 /* InterfaceController.swift */ = {isa = PBXFileReference; lastKnownFileType = sourcecode.swift; path = InterfaceController.swift; sourceTree = "<group>"; };
		D0442AC81B17AAFD0028ADA7 /* Images.xcassets */ = {isa = PBXFileReference; lastKnownFileType = folder.assetcatalog; path = Images.xcassets; sourceTree = "<group>"; };
		D0442ACC1B17AAFD0028ADA7 /* Quotes WatchKit App.app */ = {isa = PBXFileReference; explicitFileType = wrapper.application; includeInIndex = 0; path = "Quotes WatchKit App.app"; sourceTree = BUILT_PRODUCTS_DIR; };
		D0442AD21B17AAFD0028ADA7 /* Info.plist */ = {isa = PBXFileReference; lastKnownFileType = text.plist.xml; path = Info.plist; sourceTree = "<group>"; };
		D0442AD41B17AAFD0028ADA7 /* Base */ = {isa = PBXFileReference; lastKnownFileType = file.storyboard; name = Base; path = Base.lproj/Interface.storyboard; sourceTree = "<group>"; };
		D0442AD61B17AAFD0028ADA7 /* Images.xcassets */ = {isa = PBXFileReference; lastKnownFileType = folder.assetcatalog; path = Images.xcassets; sourceTree = "<group>"; };
		D0442AE21B17ACFC0028ADA7 /* QuoteRow.swift */ = {isa = PBXFileReference; fileEncoding = 4; lastKnownFileType = sourcecode.swift; path = QuoteRow.swift; sourceTree = "<group>"; };
/* End PBXFileReference section */

/* Begin PBXFrameworksBuildPhase section */
		D0442A931B17AAC70028ADA7 /* Frameworks */ = {
			isa = PBXFrameworksBuildPhase;
			buildActionMask = 2147483647;
			files = (
			);
			runOnlyForDeploymentPostprocessing = 0;
		};
		D0442AAB1B17AAC80028ADA7 /* Frameworks */ = {
			isa = PBXFrameworksBuildPhase;
			buildActionMask = 2147483647;
			files = (
			);
			runOnlyForDeploymentPostprocessing = 0;
		};
		D0442ABF1B17AAFD0028ADA7 /* Frameworks */ = {
			isa = PBXFrameworksBuildPhase;
			buildActionMask = 2147483647;
			files = (
			);
			runOnlyForDeploymentPostprocessing = 0;
		};
/* End PBXFrameworksBuildPhase section */

/* Begin PBXGroup section */
		D0442A8D1B17AAC70028ADA7 = {
			isa = PBXGroup;
			children = (
				D0442A981B17AAC70028ADA7 /* Quotes */,
				D0442AB11B17AAC80028ADA7 /* QuotesTests */,
				D0442AC31B17AAFD0028ADA7 /* Quotes WatchKit Extension */,
				D0442AD01B17AAFD0028ADA7 /* Quotes WatchKit App */,
				D0442A971B17AAC70028ADA7 /* Products */,
			);
			sourceTree = "<group>";
		};
		D0442A971B17AAC70028ADA7 /* Products */ = {
			isa = PBXGroup;
			children = (
				D0442A961B17AAC70028ADA7 /* Quotes.app */,
				D0442AAE1B17AAC80028ADA7 /* QuotesTests.xctest */,
				D0442AC21B17AAFD0028ADA7 /* Quotes WatchKit Extension.appex */,
				D0442ACC1B17AAFD0028ADA7 /* Quotes WatchKit App.app */,
			);
			name = Products;
			sourceTree = "<group>";
		};
		D0442A981B17AAC70028ADA7 /* Quotes */ = {
			isa = PBXGroup;
			children = (
				D0442A9B1B17AAC70028ADA7 /* AppDelegate.swift */,
				D0442AA01B17AAC80028ADA7 /* ViewController.swift */,
				D0442AA21B17AAC80028ADA7 /* Main.storyboard */,
				D0442AA51B17AAC80028ADA7 /* Images.xcassets */,
				D0442AA71B17AAC80028ADA7 /* LaunchScreen.xib */,
				D0442A9D1B17AAC80028ADA7 /* Quotes.xcdatamodeld */,
				D0442A991B17AAC70028ADA7 /* Supporting Files */,
			);
			path = Quotes;
			sourceTree = "<group>";
		};
		D0442A991B17AAC70028ADA7 /* Supporting Files */ = {
			isa = PBXGroup;
			children = (
				D0442A9A1B17AAC70028ADA7 /* Info.plist */,
			);
			name = "Supporting Files";
			sourceTree = "<group>";
		};
		D0442AB11B17AAC80028ADA7 /* QuotesTests */ = {
			isa = PBXGroup;
			children = (
				D0442AB41B17AAC80028ADA7 /* QuotesTests.swift */,
				D0442AB21B17AAC80028ADA7 /* Supporting Files */,
			);
			path = QuotesTests;
			sourceTree = "<group>";
		};
		D0442AB21B17AAC80028ADA7 /* Supporting Files */ = {
			isa = PBXGroup;
			children = (
				D0442AB31B17AAC80028ADA7 /* Info.plist */,
			);
			name = "Supporting Files";
			sourceTree = "<group>";
		};
		D0442AC31B17AAFD0028ADA7 /* Quotes WatchKit Extension */ = {
			isa = PBXGroup;
			children = (
				D0442AC61B17AAFD0028ADA7 /* InterfaceController.swift */,
				D0442AE21B17ACFC0028ADA7 /* QuoteRow.swift */,
				D0442AC81B17AAFD0028ADA7 /* Images.xcassets */,
				D0442AC41B17AAFD0028ADA7 /* Supporting Files */,
			);
			path = "Quotes WatchKit Extension";
			sourceTree = "<group>";
		};
		D0442AC41B17AAFD0028ADA7 /* Supporting Files */ = {
			isa = PBXGroup;
			children = (
				D0442AC51B17AAFD0028ADA7 /* Info.plist */,
			);
			name = "Supporting Files";
			sourceTree = "<group>";
		};
		D0442AD01B17AAFD0028ADA7 /* Quotes WatchKit App */ = {
			isa = PBXGroup;
			children = (
				D0442AD31B17AAFD0028ADA7 /* Interface.storyboard */,
				D0442AD61B17AAFD0028ADA7 /* Images.xcassets */,
				D0442AD11B17AAFD0028ADA7 /* Supporting Files */,
			);
			path = "Quotes WatchKit App";
			sourceTree = "<group>";
		};
		D0442AD11B17AAFD0028ADA7 /* Supporting Files */ = {
			isa = PBXGroup;
			children = (
				D0442AD21B17AAFD0028ADA7 /* Info.plist */,
			);
			name = "Supporting Files";
			sourceTree = "<group>";
		};
/* End PBXGroup section */

/* Begin PBXNativeTarget section */
		D0442A951B17AAC70028ADA7 /* Quotes */ = {
			isa = PBXNativeTarget;
			buildConfigurationList = D0442AB81B17AAC80028ADA7 /* Build configuration list for PBXNativeTarget "Quotes" */;
			buildPhases = (
				D0442A921B17AAC70028ADA7 /* Sources */,
				D0442A931B17AAC70028ADA7 /* Frameworks */,
				D0442A941B17AAC70028ADA7 /* Resources */,
				D0442AE11B17AAFD0028ADA7 /* Embed App Extensions */,
			);
			buildRules = (
			);
			dependencies = (
				D0442AD91B17AAFD0028ADA7 /* PBXTargetDependency */,
			);
			name = Quotes;
			productName = Quotes;
			productReference = D0442A961B17AAC70028ADA7 /* Quotes.app */;
			productType = "com.apple.product-type.application";
		};
		D0442AAD1B17AAC80028ADA7 /* QuotesTests */ = {
			isa = PBXNativeTarget;
			buildConfigurationList = D0442ABB1B17AAC80028ADA7 /* Build configuration list for PBXNativeTarget "QuotesTests" */;
			buildPhases = (
				D0442AAA1B17AAC80028ADA7 /* Sources */,
				D0442AAB1B17AAC80028ADA7 /* Frameworks */,
				D0442AAC1B17AAC80028ADA7 /* Resources */,
			);
			buildRules = (
			);
			dependencies = (
				D0442AB01B17AAC80028ADA7 /* PBXTargetDependency */,
			);
			name = QuotesTests;
			productName = QuotesTests;
			productReference = D0442AAE1B17AAC80028ADA7 /* QuotesTests.xctest */;
			productType = "com.apple.product-type.bundle.unit-test";
		};
		D0442AC11B17AAFD0028ADA7 /* Quotes WatchKit Extension */ = {
			isa = PBXNativeTarget;
			buildConfigurationList = D0442ADE1B17AAFD0028ADA7 /* Build configuration list for PBXNativeTarget "Quotes WatchKit Extension" */;
			buildPhases = (
				D0442ABE1B17AAFD0028ADA7 /* Sources */,
				D0442ABF1B17AAFD0028ADA7 /* Frameworks */,
				D0442AC01B17AAFD0028ADA7 /* Resources */,
			);
			buildRules = (
			);
			dependencies = (
				D0442ACF1B17AAFD0028ADA7 /* PBXTargetDependency */,
			);
			name = "Quotes WatchKit Extension";
			productName = "Quotes WatchKit Extension";
			productReference = D0442AC21B17AAFD0028ADA7 /* Quotes WatchKit Extension.appex */;
			productType = "com.apple.product-type.watchkit-extension";
		};
		D0442ACB1B17AAFD0028ADA7 /* Quotes WatchKit App */ = {
			isa = PBXNativeTarget;
			buildConfigurationList = D0442ADB1B17AAFD0028ADA7 /* Build configuration list for PBXNativeTarget "Quotes WatchKit App" */;
			buildPhases = (
				D0442ACA1B17AAFD0028ADA7 /* Resources */,
			);
			buildRules = (
			);
			dependencies = (
			);
			name = "Quotes WatchKit App";
			productName = "Quotes WatchKit App";
			productReference = D0442ACC1B17AAFD0028ADA7 /* Quotes WatchKit App.app */;
			productType = "com.apple.product-type.application.watchapp";
		};
/* End PBXNativeTarget section */

/* Begin PBXProject section */
		D0442A8E1B17AAC70028ADA7 /* Project object */ = {
			isa = PBXProject;
			attributes = {
				LastUpgradeCheck = 0630;
				ORGANIZATIONNAME = doodDevelopments;
				TargetAttributes = {
					D0442A951B17AAC70028ADA7 = {
						CreatedOnToolsVersion = 6.3.1;
					};
					D0442AAD1B17AAC80028ADA7 = {
						CreatedOnToolsVersion = 6.3.1;
						TestTargetID = D0442A951B17AAC70028ADA7;
					};
					D0442AC11B17AAFD0028ADA7 = {
						CreatedOnToolsVersion = 6.3.1;
					};
					D0442ACB1B17AAFD0028ADA7 = {
						CreatedOnToolsVersion = 6.3.1;
					};
				};
			};
			buildConfigurationList = D0442A911B17AAC70028ADA7 /* Build configuration list for PBXProject "Quotes" */;
			compatibilityVersion = "Xcode 3.2";
			developmentRegion = English;
			hasScannedForEncodings = 0;
			knownRegions = (
				en,
				Base,
			);
			mainGroup = D0442A8D1B17AAC70028ADA7;
			productRefGroup = D0442A971B17AAC70028ADA7 /* Products */;
			projectDirPath = "";
			projectRoot = "";
			targets = (
				D0442A951B17AAC70028ADA7 /* Quotes */,
				D0442AAD1B17AAC80028ADA7 /* QuotesTests */,
				D0442AC11B17AAFD0028ADA7 /* Quotes WatchKit Extension */,
				D0442ACB1B17AAFD0028ADA7 /* Quotes WatchKit App */,
			);
		};
/* End PBXProject section */

/* Begin PBXResourcesBuildPhase section */
		D0442A941B17AAC70028ADA7 /* Resources */ = {
			isa = PBXResourcesBuildPhase;
			buildActionMask = 2147483647;
			files = (
				D0442AA41B17AAC80028ADA7 /* Main.storyboard in Resources */,
				D0442AA91B17AAC80028ADA7 /* LaunchScreen.xib in Resources */,
				D0442AA61B17AAC80028ADA7 /* Images.xcassets in Resources */,
			);
			runOnlyForDeploymentPostprocessing = 0;
		};
		D0442AAC1B17AAC80028ADA7 /* Resources */ = {
			isa = PBXResourcesBuildPhase;
			buildActionMask = 2147483647;
			files = (
			);
			runOnlyForDeploymentPostprocessing = 0;
		};
		D0442AC01B17AAFD0028ADA7 /* Resources */ = {
			isa = PBXResourcesBuildPhase;
			buildActionMask = 2147483647;
			files = (
				D0442AC91B17AAFD0028ADA7 /* Images.xcassets in Resources */,
				D0442ACD1B17AAFD0028ADA7 /* Quotes WatchKit App.app in Resources */,
			);
			runOnlyForDeploymentPostprocessing = 0;
		};
		D0442ACA1B17AAFD0028ADA7 /* Resources */ = {
			isa = PBXResourcesBuildPhase;
			buildActionMask = 2147483647;
			files = (
				D0442AD51B17AAFD0028ADA7 /* Interface.storyboard in Resources */,
				D0442AD71B17AAFD0028ADA7 /* Images.xcassets in Resources */,
			);
			runOnlyForDeploymentPostprocessing = 0;
		};
/* End PBXResourcesBuildPhase section */

/* Begin PBXSourcesBuildPhase section */
		D0442A921B17AAC70028ADA7 /* Sources */ = {
			isa = PBXSourcesBuildPhase;
			buildActionMask = 2147483647;
			files = (
				D0442AA11B17AAC80028ADA7 /* ViewController.swift in Sources */,
				D0442A9F1B17AAC80028ADA7 /* Quotes.xcdatamodeld in Sources */,
				D0442A9C1B17AAC70028ADA7 /* AppDelegate.swift in Sources */,
			);
			runOnlyForDeploymentPostprocessing = 0;
		};
		D0442AAA1B17AAC80028ADA7 /* Sources */ = {
			isa = PBXSourcesBuildPhase;
			buildActionMask = 2147483647;
			files = (
				D0442AB51B17AAC80028ADA7 /* QuotesTests.swift in Sources */,
			);
			runOnlyForDeploymentPostprocessing = 0;
		};
		D0442ABE1B17AAFD0028ADA7 /* Sources */ = {
			isa = PBXSourcesBuildPhase;
			buildActionMask = 2147483647;
			files = (
				D0442AC71B17AAFD0028ADA7 /* InterfaceController.swift in Sources */,
				D0442AE31B17ACFC0028ADA7 /* QuoteRow.swift in Sources */,
			);
			runOnlyForDeploymentPostprocessing = 0;
		};
/* End PBXSourcesBuildPhase section */

/* Begin PBXTargetDependency section */
		D0442AB01B17AAC80028ADA7 /* PBXTargetDependency */ = {
			isa = PBXTargetDependency;
			target = D0442A951B17AAC70028ADA7 /* Quotes */;
			targetProxy = D0442AAF1B17AAC80028ADA7 /* PBXContainerItemProxy */;
		};
		D0442ACF1B17AAFD0028ADA7 /* PBXTargetDependency */ = {
			isa = PBXTargetDependency;
			target = D0442ACB1B17AAFD0028ADA7 /* Quotes WatchKit App */;
			targetProxy = D0442ACE1B17AAFD0028ADA7 /* PBXContainerItemProxy */;
		};
		D0442AD91B17AAFD0028ADA7 /* PBXTargetDependency */ = {
			isa = PBXTargetDependency;
			target = D0442AC11B17AAFD0028ADA7 /* Quotes WatchKit Extension */;
			targetProxy = D0442AD81B17AAFD0028ADA7 /* PBXContainerItemProxy */;
		};
/* End PBXTargetDependency section */

/* Begin PBXVariantGroup section */
		D0442AA21B17AAC80028ADA7 /* Main.storyboard */ = {
			isa = PBXVariantGroup;
			children = (
				D0442AA31B17AAC80028ADA7 /* Base */,
			);
			name = Main.storyboard;
			sourceTree = "<group>";
		};
		D0442AA71B17AAC80028ADA7 /* LaunchScreen.xib */ = {
			isa = PBXVariantGroup;
			children = (
				D0442AA81B17AAC80028ADA7 /* Base */,
			);
			name = LaunchScreen.xib;
			sourceTree = "<group>";
		};
		D0442AD31B17AAFD0028ADA7 /* Interface.storyboard */ = {
			isa = PBXVariantGroup;
			children = (
				D0442AD41B17AAFD0028ADA7 /* Base */,
			);
			name = Interface.storyboard;
			sourceTree = "<group>";
		};
/* End PBXVariantGroup section */

/* Begin XCBuildConfiguration section */
		D0442AB61B17AAC80028ADA7 /* Debug */ = {
			isa = XCBuildConfiguration;
			buildSettings = {
				ALWAYS_SEARCH_USER_PATHS = NO;
				CLANG_CXX_LANGUAGE_STANDARD = "gnu++0x";
				CLANG_CXX_LIBRARY = "libc++";
				CLANG_ENABLE_MODULES = YES;
				CLANG_ENABLE_OBJC_ARC = YES;
				CLANG_WARN_BOOL_CONVERSION = YES;
				CLANG_WARN_CONSTANT_CONVERSION = YES;
				CLANG_WARN_DIRECT_OBJC_ISA_USAGE = YES_ERROR;
				CLANG_WARN_EMPTY_BODY = YES;
				CLANG_WARN_ENUM_CONVERSION = YES;
				CLANG_WARN_INT_CONVERSION = YES;
				CLANG_WARN_OBJC_ROOT_CLASS = YES_ERROR;
				CLANG_WARN_UNREACHABLE_CODE = YES;
				CLANG_WARN__DUPLICATE_METHOD_MATCH = YES;
				"CODE_SIGN_IDENTITY[sdk=iphoneos*]" = "iPhone Developer";
				COPY_PHASE_STRIP = NO;
				DEBUG_INFORMATION_FORMAT = "dwarf-with-dsym";
				ENABLE_STRICT_OBJC_MSGSEND = YES;
				GCC_C_LANGUAGE_STANDARD = gnu99;
				GCC_DYNAMIC_NO_PIC = NO;
				GCC_NO_COMMON_BLOCKS = YES;
				GCC_OPTIMIZATION_LEVEL = 0;
				GCC_PREPROCESSOR_DEFINITIONS = (
					"DEBUG=1",
					"$(inherited)",
				);
				GCC_SYMBOLS_PRIVATE_EXTERN = NO;
				GCC_WARN_64_TO_32_BIT_CONVERSION = YES;
				GCC_WARN_ABOUT_RETURN_TYPE = YES_ERROR;
				GCC_WARN_UNDECLARED_SELECTOR = YES;
				GCC_WARN_UNINITIALIZED_AUTOS = YES_AGGRESSIVE;
				GCC_WARN_UNUSED_FUNCTION = YES;
				GCC_WARN_UNUSED_VARIABLE = YES;
				IPHONEOS_DEPLOYMENT_TARGET = 8.3;
				MTL_ENABLE_DEBUG_INFO = YES;
				ONLY_ACTIVE_ARCH = YES;
				SDKROOT = iphoneos;
				SWIFT_OPTIMIZATION_LEVEL = "-Onone";
			};
			name = Debug;
		};
		D0442AB71B17AAC80028ADA7 /* Release */ = {
			isa = XCBuildConfiguration;
			buildSettings = {
				ALWAYS_SEARCH_USER_PATHS = NO;
				CLANG_CXX_LANGUAGE_STANDARD = "gnu++0x";
				CLANG_CXX_LIBRARY = "libc++";
				CLANG_ENABLE_MODULES = YES;
				CLANG_ENABLE_OBJC_ARC = YES;
				CLANG_WARN_BOOL_CONVERSION = YES;
				CLANG_WARN_CONSTANT_CONVERSION = YES;
				CLANG_WARN_DIRECT_OBJC_ISA_USAGE = YES_ERROR;
				CLANG_WARN_EMPTY_BODY = YES;
				CLANG_WARN_ENUM_CONVERSION = YES;
				CLANG_WARN_INT_CONVERSION = YES;
				CLANG_WARN_OBJC_ROOT_CLASS = YES_ERROR;
				CLANG_WARN_UNREACHABLE_CODE = YES;
				CLANG_WARN__DUPLICATE_METHOD_MATCH = YES;
				"CODE_SIGN_IDENTITY[sdk=iphoneos*]" = "iPhone Developer";
				COPY_PHASE_STRIP = NO;
				DEBUG_INFORMATION_FORMAT = "dwarf-with-dsym";
				ENABLE_NS_ASSERTIONS = NO;
				ENABLE_STRICT_OBJC_MSGSEND = YES;
				GCC_C_LANGUAGE_STANDARD = gnu99;
				GCC_NO_COMMON_BLOCKS = YES;
				GCC_WARN_64_TO_32_BIT_CONVERSION = YES;
				GCC_WARN_ABOUT_RETURN_TYPE = YES_ERROR;
				GCC_WARN_UNDECLARED_SELECTOR = YES;
				GCC_WARN_UNINITIALIZED_AUTOS = YES_AGGRESSIVE;
				GCC_WARN_UNUSED_FUNCTION = YES;
				GCC_WARN_UNUSED_VARIABLE = YES;
				IPHONEOS_DEPLOYMENT_TARGET = 8.3;
				MTL_ENABLE_DEBUG_INFO = NO;
				SDKROOT = iphoneos;
				VALIDATE_PRODUCT = YES;
			};
			name = Release;
		};
		D0442AB91B17AAC80028ADA7 /* Debug */ = {
			isa = XCBuildConfiguration;
			buildSettings = {
				ASSETCATALOG_COMPILER_APPICON_NAME = AppIcon;
				INFOPLIST_FILE = Quotes/Info.plist;
				LD_RUNPATH_SEARCH_PATHS = "$(inherited) @executable_path/Frameworks";
				PRODUCT_NAME = "$(TARGET_NAME)";
			};
			name = Debug;
		};
		D0442ABA1B17AAC80028ADA7 /* Release */ = {
			isa = XCBuildConfiguration;
			buildSettings = {
				ASSETCATALOG_COMPILER_APPICON_NAME = AppIcon;
				INFOPLIST_FILE = Quotes/Info.plist;
				LD_RUNPATH_SEARCH_PATHS = "$(inherited) @executable_path/Frameworks";
				PRODUCT_NAME = "$(TARGET_NAME)";
			};
			name = Release;
		};
		D0442ABC1B17AAC80028ADA7 /* Debug */ = {
			isa = XCBuildConfiguration;
			buildSettings = {
				BUNDLE_LOADER = "$(TEST_HOST)";
				FRAMEWORK_SEARCH_PATHS = (
					"$(SDKROOT)/Developer/Library/Frameworks",
					"$(inherited)",
				);
				GCC_PREPROCESSOR_DEFINITIONS = (
					"DEBUG=1",
					"$(inherited)",
				);
				INFOPLIST_FILE = QuotesTests/Info.plist;
				LD_RUNPATH_SEARCH_PATHS = "$(inherited) @executable_path/Frameworks @loader_path/Frameworks";
				PRODUCT_NAME = "$(TARGET_NAME)";
				TEST_HOST = "$(BUILT_PRODUCTS_DIR)/Quotes.app/Quotes";
			};
			name = Debug;
		};
		D0442ABD1B17AAC80028ADA7 /* Release */ = {
			isa = XCBuildConfiguration;
			buildSettings = {
				BUNDLE_LOADER = "$(TEST_HOST)";
				FRAMEWORK_SEARCH_PATHS = (
					"$(SDKROOT)/Developer/Library/Frameworks",
					"$(inherited)",
				);
				INFOPLIST_FILE = QuotesTests/Info.plist;
				LD_RUNPATH_SEARCH_PATHS = "$(inherited) @executable_path/Frameworks @loader_path/Frameworks";
				PRODUCT_NAME = "$(TARGET_NAME)";
				TEST_HOST = "$(BUILT_PRODUCTS_DIR)/Quotes.app/Quotes";
			};
			name = Release;
		};
		D0442ADC1B17AAFD0028ADA7 /* Debug */ = {
			isa = XCBuildConfiguration;
			buildSettings = {
				ASSETCATALOG_COMPILER_APPICON_NAME = AppIcon;
				GCC_PREPROCESSOR_DEFINITIONS = (
					"DEBUG=1",
					"$(inherited)",
				);
				IBSC_MODULE = Quotes_WatchKit_Extension;
				INFOPLIST_FILE = "Quotes WatchKit App/Info.plist";
				IPHONEOS_DEPLOYMENT_TARGET = 8.2;
				PRODUCT_NAME = "$(TARGET_NAME)";
				SKIP_INSTALL = YES;
				TARGETED_DEVICE_FAMILY = 4;
				"TARGETED_DEVICE_FAMILY[sdk=iphonesimulator*]" = "1,4";
			};
			name = Debug;
		};
		D0442ADD1B17AAFD0028ADA7 /* Release */ = {
			isa = XCBuildConfiguration;
			buildSettings = {
				ASSETCATALOG_COMPILER_APPICON_NAME = AppIcon;
				IBSC_MODULE = Quotes_WatchKit_Extension;
				INFOPLIST_FILE = "Quotes WatchKit App/Info.plist";
				IPHONEOS_DEPLOYMENT_TARGET = 8.2;
				PRODUCT_NAME = "$(TARGET_NAME)";
				SKIP_INSTALL = YES;
				TARGETED_DEVICE_FAMILY = 4;
				"TARGETED_DEVICE_FAMILY[sdk=iphonesimulator*]" = "1,4";
			};
			name = Release;
		};
		D0442ADF1B17AAFD0028ADA7 /* Debug */ = {
			isa = XCBuildConfiguration;
			buildSettings = {
				GCC_PREPROCESSOR_DEFINITIONS = (
					"DEBUG=1",
					"$(inherited)",
				);
				INFOPLIST_FILE = "Quotes WatchKit Extension/Info.plist";
				LD_RUNPATH_SEARCH_PATHS = "$(inherited) @executable_path/Frameworks @executable_path/../../Frameworks";
				PRODUCT_NAME = "${TARGET_NAME}";
				SKIP_INSTALL = YES;
			};
			name = Debug;
		};
		D0442AE01B17AAFD0028ADA7 /* Release */ = {
			isa = XCBuildConfiguration;
			buildSettings = {
				INFOPLIST_FILE = "Quotes WatchKit Extension/Info.plist";
				LD_RUNPATH_SEARCH_PATHS = "$(inherited) @executable_path/Frameworks @executable_path/../../Frameworks";
				PRODUCT_NAME = "${TARGET_NAME}";
				SKIP_INSTALL = YES;
			};
			name = Release;
		};
/* End XCBuildConfiguration section */

/* Begin XCConfigurationList section */
		D0442A911B17AAC70028ADA7 /* Build configuration list for PBXProject "Quotes" */ = {
			isa = XCConfigurationList;
			buildConfigurations = (
				D0442AB61B17AAC80028ADA7 /* Debug */,
				D0442AB71B17AAC80028ADA7 /* Release */,
			);
			defaultConfigurationIsVisible = 0;
			defaultConfigurationName = Release;
		};
		D0442AB81B17AAC80028ADA7 /* Build configuration list for PBXNativeTarget "Quotes" */ = {
			isa = XCConfigurationList;
			buildConfigurations = (
				D0442AB91B17AAC80028ADA7 /* Debug */,
				D0442ABA1B17AAC80028ADA7 /* Release */,
			);
			defaultConfigurationIsVisible = 0;
		};
		D0442ABB1B17AAC80028ADA7 /* Build configuration list for PBXNativeTarget "QuotesTests" */ = {
			isa = XCConfigurationList;
			buildConfigurations = (
				D0442ABC1B17AAC80028ADA7 /* Debug */,
				D0442ABD1B17AAC80028ADA7 /* Release */,
			);
			defaultConfigurationIsVisible = 0;
		};
		D0442ADB1B17AAFD0028ADA7 /* Build configuration list for PBXNativeTarget "Quotes WatchKit App" */ = {
			isa = XCConfigurationList;
			buildConfigurations = (
				D0442ADC1B17AAFD0028ADA7 /* Debug */,
				D0442ADD1B17AAFD0028ADA7 /* Release */,
			);
			defaultConfigurationIsVisible = 0;
		};
		D0442ADE1B17AAFD0028ADA7 /* Build configuration list for PBXNativeTarget "Quotes WatchKit Extension" */ = {
			isa = XCConfigurationList;
			buildConfigurations = (
				D0442ADF1B17AAFD0028ADA7 /* Debug */,
				D0442AE01B17AAFD0028ADA7 /* Release */,
			);
			defaultConfigurationIsVisible = 0;
		};
/* End XCConfigurationList section */

/* Begin XCVersionGroup section */
		D0442A9D1B17AAC80028ADA7 /* Quotes.xcdatamodeld */ = {
			isa = XCVersionGroup;
			children = (
				D0442A9E1B17AAC80028ADA7 /* Quotes.xcdatamodel */,
			);
			currentVersion = D0442A9E1B17AAC80028ADA7 /* Quotes.xcdatamodel */;
			path = Quotes.xcdatamodeld;
			sourceTree = "<group>";
			versionGroupType = wrapper.xcdatamodel;
		};
/* End XCVersionGroup section */
	};
	rootObject = D0442A8E1B17AAC70028ADA7 /* Project object */;
}
